
Microsoft Visual Studio Solution File, Format Version 12.00
# Visual Studio 14
VisualStudioVersion = 14.0.25420.1
MinimumVisualStudioVersion = 10.0.40219.1
Project("{FAE04EC0-301F-11D3-BF4B-00C04F79EFBC}") = "RegistrationApp", "RegistrationApp\RegistrationApp.csproj", "{8302FB25-24D3-49C9-839C-AB99D9BD6883}"
EndProject
Project("{FAE04EC0-301F-11D3-BF4B-00C04F79EFBC}") = "University", "University\University.csproj", "{2DD15D47-3019-4133-981B-4E83C8CE13DB}"
EndProject
Project("{FAE04EC0-301F-11D3-BF4B-00C04F79EFBC}") = "RegApp.UnitTests", "RegApp.UnitTests\RegApp.UnitTests.csproj", "{562F5FCE-461B-4827-AD61-CFC1F47E595B}"
EndProject
Global
	GlobalSection(SolutionConfigurationPlatforms) = preSolution
		Debug|Any CPU = Debug|Any CPU
		Release|Any CPU = Release|Any CPU
	EndGlobalSection
	GlobalSection(ProjectConfigurationPlatforms) = postSolution
		{8302FB25-24D3-49C9-839C-AB99D9BD6883}.Debug|Any CPU.ActiveCfg = Debug|Any CPU
		{8302FB25-24D3-49C9-839C-AB99D9BD6883}.Debug|Any CPU.Build.0 = Debug|Any CPU
		{8302FB25-24D3-49C9-839C-AB99D9BD6883}.Release|Any CPU.ActiveCfg = Release|Any CPU
		{8302FB25-24D3-49C9-839C-AB99D9BD6883}.Release|Any CPU.Build.0 = Release|Any CPU
		{2DD15D47-3019-4133-981B-4E83C8CE13DB}.Debug|Any CPU.ActiveCfg = Debug|Any CPU
		{2DD15D47-3019-4133-981B-4E83C8CE13DB}.Debug|Any CPU.Build.0 = Debug|Any CPU
		{2DD15D47-3019-4133-981B-4E83C8CE13DB}.Release|Any CPU.ActiveCfg = Release|Any CPU
		{2DD15D47-3019-4133-981B-4E83C8CE13DB}.Release|Any CPU.Build.0 = Release|Any CPU
		{562F5FCE-461B-4827-AD61-CFC1F47E595B}.Debug|Any CPU.ActiveCfg = Debug|Any CPU
		{562F5FCE-461B-4827-AD61-CFC1F47E595B}.Debug|Any CPU.Build.0 = Debug|Any CPU
		{562F5FCE-461B-4827-AD61-CFC1F47E595B}.Release|Any CPU.ActiveCfg = Release|Any CPU
		{562F5FCE-461B-4827-AD61-CFC1F47E595B}.Release|Any CPU.Build.0 = Release|Any CPU
	EndGlobalSection
	GlobalSection(SolutionProperties) = preSolution
		HideSolutionNode = FALSE
	EndGlobalSection
EndGlobal
